{
  "name": "@fluid-music/make-nlib",
  "version": "0.1.4",
  "lockfileVersion": 1,
  "requires": true,
  "dependencies": {
    "@types/webmidi": {
      "version": "2.0.4",
      "resolved": "https://registry.npmjs.org/@types/webmidi/-/webmidi-2.0.4.tgz",
      "integrity": "sha512-ouA837zUpSzURsUGvcnay6JwUz2B/UoJP3Lkacnz60y+rul8/auVOFS9LSO6v0gdNbGvRkbHEpayD8PbO7IKhw=="
    },
    "capitalize": {
      "version": "1.0.0",
      "resolved": "https://registry.npmjs.org/capitalize/-/capitalize-1.0.0.tgz",
      "integrity": "sha1-3IAsWAruEBkpAg0soUtMqKCuRL4="
    },
    "death": {
      "version": "1.1.0",
      "resolved": "https://registry.npmjs.org/death/-/death-1.1.0.tgz",
      "integrity": "sha1-AaqcQB7dknUFFEcLgmY5DGbGcxg="
    },
    "graceful-fs": {
      "version": "4.2.4",
      "resolved": "https://registry.npmjs.org/graceful-fs/-/graceful-fs-4.2.4.tgz",
      "integrity": "sha512-WjKPNJF79dtJAVniUlGGWHYGz2jWxT6VhN/4m1NdkbZ2nOsEF+cI1Edgql5zCRhs/VsQYRvrXctxktVXZUkixw==",
      "optional": true
    },
    "jazz-midi": {
      "version": "1.7.3",
      "resolved": "https://registry.npmjs.org/jazz-midi/-/jazz-midi-1.7.3.tgz",
      "integrity": "sha512-3+V4ZxmYainXoHDaevDBexHQumD3ONlbUgo6zmUXb6VKlJ05XxM+7Xhv7HPbWSOuVTV+gpTV9CI25PwUZJRy/w=="
    },
    "jsonfile": {
      "version": "2.4.0",
      "resolved": "https://registry.npmjs.org/jsonfile/-/jsonfile-2.4.0.tgz",
      "integrity": "sha1-NzaitCi4e72gzIO1P6PWM6NcKug=",
      "requires": {
        "graceful-fs": "^4.1.6"
      }
    },
    "jzz": {
      "version": "1.0.9",
      "resolved": "https://registry.npmjs.org/jzz/-/jzz-1.0.9.tgz",
      "integrity": "sha512-yvmo8kuUShGsffIwC8L2sTkuGYH83p6+VGsay++nbUPpxiANGZmlKg+kU/51wpJ42vj/5mr8JgQ9l/hrRvmyHw==",
      "requires": {
        "@types/webmidi": "^2.0.4",
        "jazz-midi": "^1.7.3"
      }
    },
    "midi-help": {
      "version": "1.0.0",
      "resolved": "https://registry.npmjs.org/midi-help/-/midi-help-1.0.0.tgz",
      "integrity": "sha512-4fhMF5EY3ARkNt8YdzaV2jkEzt3prR6TP1Yr1RSNXeDIiw8KF0pOlzKsKeCc/z8H0+q3AZra8nDCul+GkoNugw=="
    },
    "mod-loop": {
      "version": "0.0.2",
      "resolved": "https://registry.npmjs.org/mod-loop/-/mod-loop-0.0.2.tgz",
      "integrity": "sha1-1FyOS0yDMRU33HpupeUPfWrvCNQ="
    },
    "random-js": {
      "version": "1.0.8",
      "resolved": "https://registry.npmjs.org/random-js/-/random-js-1.0.8.tgz",
      "integrity": "sha1-lo/WiabyXWwKrHZig94vaIycGQo="
    },
    "sharp11": {
      "version": "2.0.2",
      "resolved": "https://registry.npmjs.org/sharp11/-/sharp11-2.0.2.tgz",
      "integrity": "sha1-1S2qQYdxhYcOq/PX6U+0enGDZU8=",
      "requires": {
        "capitalize": "^1.0.0",
        "jsonfile": "^2.4.0",
        "mod-loop": "0.0.2",
        "random-js": "^1.0.8",
        "underscore": "^1.8.3"
      }
    },
    "underscore": {
      "version": "1.13.1",
      "resolved": "https://registry.npmjs.org/underscore/-/underscore-1.13.1.tgz",
      "integrity": "sha512-hzSoAVtJF+3ZtiFX0VgfFPHEDRm7Y/QPjGyNo4TVdnDTdft3tr8hEkD25a1jC+TjTuE7tkHGKkhwCgs9dgBB2g=="
    }
  }
}
